// !$*UTF8*$!
{
	archiveVersion = 1;
	classes = {
	};
	objectVersion = 56;
	objects = {

/* Begin PBXBuildFile section */
		AD7E7AF829D9E317009E12C0 /* bookudoApp.swift in Sources */ = {isa = PBXBuildFile; fileRef = AD7E7AF729D9E317009E12C0 /* bookudoApp.swift */; };
		AD7E7AFC29D9E319009E12C0 /* Assets.xcassets in Resources */ = {isa = PBXBuildFile; fileRef = AD7E7AFB29D9E319009E12C0 /* Assets.xcassets */; };
		AD7E7AFF29D9E319009E12C0 /* Preview Assets.xcassets in Resources */ = {isa = PBXBuildFile; fileRef = AD7E7AFE29D9E319009E12C0 /* Preview Assets.xcassets */; };
		AD7E7B0129D9E319009E12C0 /* Persistence.swift in Sources */ = {isa = PBXBuildFile; fileRef = AD7E7B0029D9E319009E12C0 /* Persistence.swift */; };
		AD7E7B0429D9E31A009E12C0 /* bookudo.xcdatamodeld in Sources */ = {isa = PBXBuildFile; fileRef = AD7E7B0229D9E319009E12C0 /* bookudo.xcdatamodeld */; };
		AD7E7B3329DA1B07009E12C0 /* ChartData.swift in Sources */ = {isa = PBXBuildFile; fileRef = AD7E7B2229DA1B06009E12C0 /* ChartData.swift */; };
		AD7E7B3429DA1B07009E12C0 /* ChartScaleRange.swift in Sources */ = {isa = PBXBuildFile; fileRef = AD7E7B2329DA1B06009E12C0 /* ChartScaleRange.swift */; };
		AD7E7B3529DA1B07009E12C0 /* HashableImage.swift in Sources */ = {isa = PBXBuildFile; fileRef = AD7E7B2429DA1B06009E12C0 /* HashableImage.swift */; };
		AD7E7B3629DA1B07009E12C0 /* AddBookView.swift in Sources */ = {isa = PBXBuildFile; fileRef = AD7E7B2629DA1B07009E12C0 /* AddBookView.swift */; };
		AD7E7B3729DA1B07009E12C0 /* ProgressGoalChartView.swift in Sources */ = {isa = PBXBuildFile; fileRef = AD7E7B2729DA1B07009E12C0 /* ProgressGoalChartView.swift */; };
		AD7E7B3829DA1B07009E12C0 /* ChartService.swift in Sources */ = {isa = PBXBuildFile; fileRef = AD7E7B2829DA1B07009E12C0 /* ChartService.swift */; };
		AD7E7B3929DA1B07009E12C0 /* BookDetailView.swift in Sources */ = {isa = PBXBuildFile; fileRef = AD7E7B2929DA1B07009E12C0 /* BookDetailView.swift */; };
		AD7E7B3A29DA1B07009E12C0 /* BookSummaryListView.swift in Sources */ = {isa = PBXBuildFile; fileRef = AD7E7B2A29DA1B07009E12C0 /* BookSummaryListView.swift */; };
		AD7E7B3B29DA1B07009E12C0 /* GoalsView.swift in Sources */ = {isa = PBXBuildFile; fileRef = AD7E7B2B29DA1B07009E12C0 /* GoalsView.swift */; };
		AD7E7B3C29DA1B07009E12C0 /* PageImagesView.swift in Sources */ = {isa = PBXBuildFile; fileRef = AD7E7B2C29DA1B07009E12C0 /* PageImagesView.swift */; };
		AD7E7B3D29DA1B07009E12C0 /* ImagePicker.swift in Sources */ = {isa = PBXBuildFile; fileRef = AD7E7B2D29DA1B07009E12C0 /* ImagePicker.swift */; };
		AD7E7B3E29DA1B07009E12C0 /* UpdateBookStatusView.swift in Sources */ = {isa = PBXBuildFile; fileRef = AD7E7B2E29DA1B07009E12C0 /* UpdateBookStatusView.swift */; };
		AD7E7B3F29DA1B07009E12C0 /* AddImageView.swift in Sources */ = {isa = PBXBuildFile; fileRef = AD7E7B2F29DA1B07009E12C0 /* AddImageView.swift */; };
		AD7E7B4029DA1B07009E12C0 /* SplashView.swift in Sources */ = {isa = PBXBuildFile; fileRef = AD7E7B3029DA1B07009E12C0 /* SplashView.swift */; };
		AD7E7B4129DA1B07009E12C0 /* BookSummaryListItemView.swift in Sources */ = {isa = PBXBuildFile; fileRef = AD7E7B3129DA1B07009E12C0 /* BookSummaryListItemView.swift */; };
		AD7E7B4229DA1B07009E12C0 /* UpdateGoalsView.swift in Sources */ = {isa = PBXBuildFile; fileRef = AD7E7B3229DA1B07009E12C0 /* UpdateGoalsView.swift */; };
		AD7E7B4429DA2256009E12C0 /* TODO.rtf in Resources */ = {isa = PBXBuildFile; fileRef = AD7E7B4329DA2256009E12C0 /* TODO.rtf */; };
		AD7E7B4F29DA4253009E12C0 /* PageImage+CoreDataClass.swift in Sources */ = {isa = PBXBuildFile; fileRef = AD7E7B4529DA4253009E12C0 /* PageImage+CoreDataClass.swift */; };
		AD7E7B5029DA4253009E12C0 /* PageImage+CoreDataProperties.swift in Sources */ = {isa = PBXBuildFile; fileRef = AD7E7B4629DA4253009E12C0 /* PageImage+CoreDataProperties.swift */; };
		AD7E7B5129DA4253009E12C0 /* Book+CoreDataClass.swift in Sources */ = {isa = PBXBuildFile; fileRef = AD7E7B4729DA4253009E12C0 /* Book+CoreDataClass.swift */; };
		AD7E7B5229DA4253009E12C0 /* Book+CoreDataProperties.swift in Sources */ = {isa = PBXBuildFile; fileRef = AD7E7B4829DA4253009E12C0 /* Book+CoreDataProperties.swift */; };
		AD7E7B5329DA4253009E12C0 /* Goal+CoreDataClass.swift in Sources */ = {isa = PBXBuildFile; fileRef = AD7E7B4929DA4253009E12C0 /* Goal+CoreDataClass.swift */; };
		AD7E7B5429DA4253009E12C0 /* Goal+CoreDataProperties.swift in Sources */ = {isa = PBXBuildFile; fileRef = AD7E7B4A29DA4253009E12C0 /* Goal+CoreDataProperties.swift */; };
		AD7E7B5529DA4253009E12C0 /* History+CoreDataClass.swift in Sources */ = {isa = PBXBuildFile; fileRef = AD7E7B4B29DA4253009E12C0 /* History+CoreDataClass.swift */; };
		AD7E7B5629DA4253009E12C0 /* History+CoreDataProperties.swift in Sources */ = {isa = PBXBuildFile; fileRef = AD7E7B4C29DA4253009E12C0 /* History+CoreDataProperties.swift */; };
		AD7E7B5729DA4253009E12C0 /* Unit+CoreDataClass.swift in Sources */ = {isa = PBXBuildFile; fileRef = AD7E7B4D29DA4253009E12C0 /* Unit+CoreDataClass.swift */; };
		AD7E7B5829DA4253009E12C0 /* Unit+CoreDataProperties.swift in Sources */ = {isa = PBXBuildFile; fileRef = AD7E7B4E29DA4253009E12C0 /* Unit+CoreDataProperties.swift */; };
/* End PBXBuildFile section */

/* Begin PBXFileReference section */
		AD7E7AF429D9E317009E12C0 /* bookudo.app */ = {isa = PBXFileReference; explicitFileType = wrapper.application; includeInIndex = 0; path = bookudo.app; sourceTree = BUILT_PRODUCTS_DIR; };
		AD7E7AF729D9E317009E12C0 /* bookudoApp.swift */ = {isa = PBXFileReference; lastKnownFileType = sourcecode.swift; path = bookudoApp.swift; sourceTree = "<group>"; };
		AD7E7AFB29D9E319009E12C0 /* Assets.xcassets */ = {isa = PBXFileReference; lastKnownFileType = folder.assetcatalog; path = Assets.xcassets; sourceTree = "<group>"; };
		AD7E7AFE29D9E319009E12C0 /* Preview Assets.xcassets */ = {isa = PBXFileReference; lastKnownFileType = folder.assetcatalog; path = "Preview Assets.xcassets"; sourceTree = "<group>"; };
		AD7E7B0029D9E319009E12C0 /* Persistence.swift */ = {isa = PBXFileReference; lastKnownFileType = sourcecode.swift; path = Persistence.swift; sourceTree = "<group>"; };
		AD7E7B0329D9E319009E12C0 /* bookudo.xcdatamodel */ = {isa = PBXFileReference; lastKnownFileType = wrapper.xcdatamodel; path = bookudo.xcdatamodel; sourceTree = "<group>"; };
		AD7E7B2229DA1B06009E12C0 /* ChartData.swift */ = {isa = PBXFileReference; fileEncoding = 4; lastKnownFileType = sourcecode.swift; path = ChartData.swift; sourceTree = "<group>"; };
		AD7E7B2329DA1B06009E12C0 /* ChartScaleRange.swift */ = {isa = PBXFileReference; fileEncoding = 4; lastKnownFileType = sourcecode.swift; path = ChartScaleRange.swift; sourceTree = "<group>"; };
		AD7E7B2429DA1B06009E12C0 /* HashableImage.swift */ = {isa = PBXFileReference; fileEncoding = 4; lastKnownFileType = sourcecode.swift; path = HashableImage.swift; sourceTree = "<group>"; };
		AD7E7B2629DA1B07009E12C0 /* AddBookView.swift */ = {isa = PBXFileReference; fileEncoding = 4; lastKnownFileType = sourcecode.swift; path = AddBookView.swift; sourceTree = "<group>"; };
		AD7E7B2729DA1B07009E12C0 /* ProgressGoalChartView.swift */ = {isa = PBXFileReference; fileEncoding = 4; lastKnownFileType = sourcecode.swift; path = ProgressGoalChartView.swift; sourceTree = "<group>"; };
		AD7E7B2829DA1B07009E12C0 /* ChartService.swift */ = {isa = PBXFileReference; fileEncoding = 4; lastKnownFileType = sourcecode.swift; path = ChartService.swift; sourceTree = "<group>"; };
		AD7E7B2929DA1B07009E12C0 /* BookDetailView.swift */ = {isa = PBXFileReference; fileEncoding = 4; lastKnownFileType = sourcecode.swift; path = BookDetailView.swift; sourceTree = "<group>"; };
		AD7E7B2A29DA1B07009E12C0 /* BookSummaryListView.swift */ = {isa = PBXFileReference; fileEncoding = 4; lastKnownFileType = sourcecode.swift; path = BookSummaryListView.swift; sourceTree = "<group>"; };
		AD7E7B2B29DA1B07009E12C0 /* GoalsView.swift */ = {isa = PBXFileReference; fileEncoding = 4; lastKnownFileType = sourcecode.swift; path = GoalsView.swift; sourceTree = "<group>"; };
		AD7E7B2C29DA1B07009E12C0 /* PageImagesView.swift */ = {isa = PBXFileReference; fileEncoding = 4; lastKnownFileType = sourcecode.swift; path = PageImagesView.swift; sourceTree = "<group>"; };
		AD7E7B2D29DA1B07009E12C0 /* ImagePicker.swift */ = {isa = PBXFileReference; fileEncoding = 4; lastKnownFileType = sourcecode.swift; path = ImagePicker.swift; sourceTree = "<group>"; };
		AD7E7B2E29DA1B07009E12C0 /* UpdateBookStatusView.swift */ = {isa = PBXFileReference; fileEncoding = 4; lastKnownFileType = sourcecode.swift; path = UpdateBookStatusView.swift; sourceTree = "<group>"; };
		AD7E7B2F29DA1B07009E12C0 /* AddImageView.swift */ = {isa = PBXFileReference; fileEncoding = 4; lastKnownFileType = sourcecode.swift; path = AddImageView.swift; sourceTree = "<group>"; };
		AD7E7B3029DA1B07009E12C0 /* SplashView.swift */ = {isa = PBXFileReference; fileEncoding = 4; lastKnownFileType = sourcecode.swift; path = SplashView.swift; sourceTree = "<group>"; };
		AD7E7B3129DA1B07009E12C0 /* BookSummaryListItemView.swift */ = {isa = PBXFileReference; fileEncoding = 4; lastKnownFileType = sourcecode.swift; path = BookSummaryListItemView.swift; sourceTree = "<group>"; };
		AD7E7B3229DA1B07009E12C0 /* UpdateGoalsView.swift */ = {isa = PBXFileReference; fileEncoding = 4; lastKnownFileType = sourcecode.swift; path = UpdateGoalsView.swift; sourceTree = "<group>"; };
		AD7E7B4329DA2256009E12C0 /* TODO.rtf */ = {isa = PBXFileReference; fileEncoding = 4; lastKnownFileType = text.rtf; path = TODO.rtf; sourceTree = "<group>"; };
		AD7E7B4529DA4253009E12C0 /* PageImage+CoreDataClass.swift */ = {isa = PBXFileReference; lastKnownFileType = sourcecode.swift; path = "PageImage+CoreDataClass.swift"; sourceTree = "<group>"; };
		AD7E7B4629DA4253009E12C0 /* PageImage+CoreDataProperties.swift */ = {isa = PBXFileReference; lastKnownFileType = sourcecode.swift; path = "PageImage+CoreDataProperties.swift"; sourceTree = "<group>"; };
		AD7E7B4729DA4253009E12C0 /* Book+CoreDataClass.swift */ = {isa = PBXFileReference; lastKnownFileType = sourcecode.swift; path = "Book+CoreDataClass.swift"; sourceTree = "<group>"; };
		AD7E7B4829DA4253009E12C0 /* Book+CoreDataProperties.swift */ = {isa = PBXFileReference; lastKnownFileType = sourcecode.swift; path = "Book+CoreDataProperties.swift"; sourceTree = "<group>"; };
		AD7E7B4929DA4253009E12C0 /* Goal+CoreDataClass.swift */ = {isa = PBXFileReference; lastKnownFileType = sourcecode.swift; path = "Goal+CoreDataClass.swift"; sourceTree = "<group>"; };
		AD7E7B4A29DA4253009E12C0 /* Goal+CoreDataProperties.swift */ = {isa = PBXFileReference; lastKnownFileType = sourcecode.swift; path = "Goal+CoreDataProperties.swift"; sourceTree = "<group>"; };
		AD7E7B4B29DA4253009E12C0 /* History+CoreDataClass.swift */ = {isa = PBXFileReference; lastKnownFileType = sourcecode.swift; path = "History+CoreDataClass.swift"; sourceTree = "<group>"; };
		AD7E7B4C29DA4253009E12C0 /* History+CoreDataProperties.swift */ = {isa = PBXFileReference; lastKnownFileType = sourcecode.swift; path = "History+CoreDataProperties.swift"; sourceTree = "<group>"; };
		AD7E7B4D29DA4253009E12C0 /* Unit+CoreDataClass.swift */ = {isa = PBXFileReference; lastKnownFileType = sourcecode.swift; path = "Unit+CoreDataClass.swift"; sourceTree = "<group>"; };
		AD7E7B4E29DA4253009E12C0 /* Unit+CoreDataProperties.swift */ = {isa = PBXFileReference; lastKnownFileType = sourcecode.swift; path = "Unit+CoreDataProperties.swift"; sourceTree = "<group>"; };
/* End PBXFileReference section */

/* Begin PBXFrameworksBuildPhase section */
		AD7E7AF129D9E317009E12C0 /* Frameworks */ = {
			isa = PBXFrameworksBuildPhase;
			buildActionMask = 2147483647;
			files = (
			);
			runOnlyForDeploymentPostprocessing = 0;
		};
/* End PBXFrameworksBuildPhase section */

/* Begin PBXGroup section */
		AD7E7AEB29D9E317009E12C0 = {
			isa = PBXGroup;
			children = (
				AD7E7B4329DA2256009E12C0 /* TODO.rtf */,
				AD7E7AF629D9E317009E12C0 /* bookudo */,
				AD7E7AF529D9E317009E12C0 /* Products */,
			);
			sourceTree = "<group>";
		};
		AD7E7AF529D9E317009E12C0 /* Products */ = {
			isa = PBXGroup;
			children = (
				AD7E7AF429D9E317009E12C0 /* bookudo.app */,
			);
			name = Products;
			sourceTree = "<group>";
		};
		AD7E7AF629D9E317009E12C0 /* bookudo */ = {
			isa = PBXGroup;
			children = (
				AD7E7B2129DA1B06009E12C0 /* model */,
				AD7E7B2529DA1B07009E12C0 /* view */,
				AD7E7B0A29D9E49F009E12C0 /* data */,
				AD7E7AF729D9E317009E12C0 /* bookudoApp.swift */,
				AD7E7AFB29D9E319009E12C0 /* Assets.xcassets */,
				AD7E7B0029D9E319009E12C0 /* Persistence.swift */,
				AD7E7B0229D9E319009E12C0 /* bookudo.xcdatamodeld */,
				AD7E7AFD29D9E319009E12C0 /* Preview Content */,
			);
			path = bookudo;
			sourceTree = "<group>";
		};
		AD7E7AFD29D9E319009E12C0 /* Preview Content */ = {
			isa = PBXGroup;
			children = (
				AD7E7AFE29D9E319009E12C0 /* Preview Assets.xcassets */,
			);
			path = "Preview Content";
			sourceTree = "<group>";
		};
		AD7E7B0A29D9E49F009E12C0 /* data */ = {
			isa = PBXGroup;
			children = (
				AD7E7B4529DA4253009E12C0 /* PageImage+CoreDataClass.swift */,
				AD7E7B4629DA4253009E12C0 /* PageImage+CoreDataProperties.swift */,
				AD7E7B4729DA4253009E12C0 /* Book+CoreDataClass.swift */,
				AD7E7B4829DA4253009E12C0 /* Book+CoreDataProperties.swift */,
				AD7E7B4929DA4253009E12C0 /* Goal+CoreDataClass.swift */,
				AD7E7B4A29DA4253009E12C0 /* Goal+CoreDataProperties.swift */,
				AD7E7B4B29DA4253009E12C0 /* History+CoreDataClass.swift */,
				AD7E7B4C29DA4253009E12C0 /* History+CoreDataProperties.swift */,
				AD7E7B4D29DA4253009E12C0 /* Unit+CoreDataClass.swift */,
				AD7E7B4E29DA4253009E12C0 /* Unit+CoreDataProperties.swift */,
			);
			path = data;
			sourceTree = "<group>";
		};
		AD7E7B2129DA1B06009E12C0 /* model */ = {
			isa = PBXGroup;
			children = (
				AD7E7B2229DA1B06009E12C0 /* ChartData.swift */,
				AD7E7B2329DA1B06009E12C0 /* ChartScaleRange.swift */,
				AD7E7B2429DA1B06009E12C0 /* HashableImage.swift */,
			);
			path = model;
			sourceTree = "<group>";
		};
		AD7E7B2529DA1B07009E12C0 /* view */ = {
			isa = PBXGroup;
			children = (
				AD7E7B2629DA1B07009E12C0 /* AddBookView.swift */,
				AD7E7B2729DA1B07009E12C0 /* ProgressGoalChartView.swift */,
				AD7E7B2829DA1B07009E12C0 /* ChartService.swift */,
				AD7E7B2929DA1B07009E12C0 /* BookDetailView.swift */,
				AD7E7B2A29DA1B07009E12C0 /* BookSummaryListView.swift */,
				AD7E7B2B29DA1B07009E12C0 /* GoalsView.swift */,
				AD7E7B2C29DA1B07009E12C0 /* PageImagesView.swift */,
				AD7E7B2D29DA1B07009E12C0 /* ImagePicker.swift */,
				AD7E7B2E29DA1B07009E12C0 /* UpdateBookStatusView.swift */,
				AD7E7B2F29DA1B07009E12C0 /* AddImageView.swift */,
				AD7E7B3029DA1B07009E12C0 /* SplashView.swift */,
				AD7E7B3129DA1B07009E12C0 /* BookSummaryListItemView.swift */,
				AD7E7B3229DA1B07009E12C0 /* UpdateGoalsView.swift */,
			);
			path = view;
			sourceTree = "<group>";
		};
/* End PBXGroup section */

/* Begin PBXNativeTarget section */
		AD7E7AF329D9E317009E12C0 /* bookudo */ = {
			isa = PBXNativeTarget;
			buildConfigurationList = AD7E7B0729D9E31A009E12C0 /* Build configuration list for PBXNativeTarget "bookudo" */;
			buildPhases = (
				AD7E7AF029D9E317009E12C0 /* Sources */,
				AD7E7AF129D9E317009E12C0 /* Frameworks */,
				AD7E7AF229D9E317009E12C0 /* Resources */,
			);
			buildRules = (
			);
			dependencies = (
			);
			name = bookudo;
			productName = bookudo;
			productReference = AD7E7AF429D9E317009E12C0 /* bookudo.app */;
			productType = "com.apple.product-type.application";
		};
/* End PBXNativeTarget section */

/* Begin PBXProject section */
		AD7E7AEC29D9E317009E12C0 /* Project object */ = {
			isa = PBXProject;
			attributes = {
				BuildIndependentTargetsInParallel = 1;
				LastSwiftUpdateCheck = 1420;
				LastUpgradeCheck = 1420;
				TargetAttributes = {
					AD7E7AF329D9E317009E12C0 = {
						CreatedOnToolsVersion = 14.2;
					};
				};
			};
			buildConfigurationList = AD7E7AEF29D9E317009E12C0 /* Build configuration list for PBXProject "bookudo" */;
			compatibilityVersion = "Xcode 14.0";
			developmentRegion = en;
			hasScannedForEncodings = 0;
			knownRegions = (
				en,
				Base,
			);
			mainGroup = AD7E7AEB29D9E317009E12C0;
			productRefGroup = AD7E7AF529D9E317009E12C0 /* Products */;
			projectDirPath = "";
			projectRoot = "";
			targets = (
				AD7E7AF329D9E317009E12C0 /* bookudo */,
			);
		};
/* End PBXProject section */

/* Begin PBXResourcesBuildPhase section */
		AD7E7AF229D9E317009E12C0 /* Resources */ = {
			isa = PBXResourcesBuildPhase;
			buildActionMask = 2147483647;
			files = (
				AD7E7AFF29D9E319009E12C0 /* Preview Assets.xcassets in Resources */,
				AD7E7AFC29D9E319009E12C0 /* Assets.xcassets in Resources */,
				AD7E7B4429DA2256009E12C0 /* TODO.rtf in Resources */,
			);
			runOnlyForDeploymentPostprocessing = 0;
		};
/* End PBXResourcesBuildPhase section */

/* Begin PBXSourcesBuildPhase section */
		AD7E7AF029D9E317009E12C0 /* Sources */ = {
			isa = PBXSourcesBuildPhase;
			buildActionMask = 2147483647;
			files = (
				AD7E7B3829DA1B07009E12C0 /* ChartService.swift in Sources */,
				AD7E7B5129DA4253009E12C0 /* Book+CoreDataClass.swift in Sources */,
				AD7E7B3D29DA1B07009E12C0 /* ImagePicker.swift in Sources */,
				AD7E7B5629DA4253009E12C0 /* History+CoreDataProperties.swift in Sources */,
				AD7E7B5329DA4253009E12C0 /* Goal+CoreDataClass.swift in Sources */,
				AD7E7B5429DA4253009E12C0 /* Goal+CoreDataProperties.swift in Sources */,
				AD7E7B3629DA1B07009E12C0 /* AddBookView.swift in Sources */,
				AD7E7B3329DA1B07009E12C0 /* ChartData.swift in Sources */,
				AD7E7B5029DA4253009E12C0 /* PageImage+CoreDataProperties.swift in Sources */,
				AD7E7B0129D9E319009E12C0 /* Persistence.swift in Sources */,
				AD7E7B3C29DA1B07009E12C0 /* PageImagesView.swift in Sources */,
				AD7E7B3729DA1B07009E12C0 /* ProgressGoalChartView.swift in Sources */,
				AD7E7B3B29DA1B07009E12C0 /* GoalsView.swift in Sources */,
				AD7E7B4129DA1B07009E12C0 /* BookSummaryListItemView.swift in Sources */,
				AD7E7B3A29DA1B07009E12C0 /* BookSummaryListView.swift in Sources */,
				AD7E7B5529DA4253009E12C0 /* History+CoreDataClass.swift in Sources */,
				AD7E7B4229DA1B07009E12C0 /* UpdateGoalsView.swift in Sources */,
				AD7E7B3529DA1B07009E12C0 /* HashableImage.swift in Sources */,
				AD7E7B3F29DA1B07009E12C0 /* AddImageView.swift in Sources */,
				AD7E7B5729DA4253009E12C0 /* Unit+CoreDataClass.swift in Sources */,
				AD7E7B4029DA1B07009E12C0 /* SplashView.swift in Sources */,
				AD7E7B5829DA4253009E12C0 /* Unit+CoreDataProperties.swift in Sources */,
				AD7E7B4F29DA4253009E12C0 /* PageImage+CoreDataClass.swift in Sources */,
				AD7E7B3E29DA1B07009E12C0 /* UpdateBookStatusView.swift in Sources */,
				AD7E7B5229DA4253009E12C0 /* Book+CoreDataProperties.swift in Sources */,
				AD7E7B3929DA1B07009E12C0 /* BookDetailView.swift in Sources */,
				AD7E7AF829D9E317009E12C0 /* bookudoApp.swift in Sources */,
				AD7E7B0429D9E31A009E12C0 /* bookudo.xcdatamodeld in Sources */,
				AD7E7B3429DA1B07009E12C0 /* ChartScaleRange.swift in Sources */,
			);
			runOnlyForDeploymentPostprocessing = 0;
		};
/* End PBXSourcesBuildPhase section */

/* Begin XCBuildConfiguration section */
		AD7E7B0529D9E31A009E12C0 /* Debug */ = {
			isa = XCBuildConfiguration;
			buildSettings = {
				ALWAYS_SEARCH_USER_PATHS = NO;
				CLANG_ANALYZER_NONNULL = YES;
				CLANG_ANALYZER_NUMBER_OBJECT_CONVERSION = YES_AGGRESSIVE;
				CLANG_CXX_LANGUAGE_STANDARD = "gnu++20";
				CLANG_ENABLE_MODULES = YES;
				CLANG_ENABLE_OBJC_ARC = YES;
				CLANG_ENABLE_OBJC_WEAK = YES;
				CLANG_WARN_BLOCK_CAPTURE_AUTORELEASING = YES;
				CLANG_WARN_BOOL_CONVERSION = YES;
				CLANG_WARN_COMMA = YES;
				CLANG_WARN_CONSTANT_CONVERSION = YES;
				CLANG_WARN_DEPRECATED_OBJC_IMPLEMENTATIONS = YES;
				CLANG_WARN_DIRECT_OBJC_ISA_USAGE = YES_ERROR;
				CLANG_WARN_DOCUMENTATION_COMMENTS = YES;
				CLANG_WARN_EMPTY_BODY = YES;
				CLANG_WARN_ENUM_CONVERSION = YES;
				CLANG_WARN_INFINITE_RECURSION = YES;
				CLANG_WARN_INT_CONVERSION = YES;
				CLANG_WARN_NON_LITERAL_NULL_CONVERSION = YES;
				CLANG_WARN_OBJC_IMPLICIT_RETAIN_SELF = YES;
				CLANG_WARN_OBJC_LITERAL_CONVERSION = YES;
				CLANG_WARN_OBJC_ROOT_CLASS = YES_ERROR;
				CLANG_WARN_QUOTED_INCLUDE_IN_FRAMEWORK_HEADER = YES;
				CLANG_WARN_RANGE_LOOP_ANALYSIS = YES;
				CLANG_WARN_STRICT_PROTOTYPES = YES;
				CLANG_WARN_SUSPICIOUS_MOVE = YES;
				CLANG_WARN_UNGUARDED_AVAILABILITY = YES_AGGRESSIVE;
				CLANG_WARN_UNREACHABLE_CODE = YES;
				CLANG_WARN__DUPLICATE_METHOD_MATCH = YES;
				COPY_PHASE_STRIP = NO;
				DEBUG_INFORMATION_FORMAT = dwarf;
				ENABLE_STRICT_OBJC_MSGSEND = YES;
				ENABLE_TESTABILITY = YES;
				GCC_C_LANGUAGE_STANDARD = gnu11;
				GCC_DYNAMIC_NO_PIC = NO;
				GCC_NO_COMMON_BLOCKS = YES;
				GCC_OPTIMIZATION_LEVEL = 0;
				GCC_PREPROCESSOR_DEFINITIONS = (
					"DEBUG=1",
					"$(inherited)",
				);
				GCC_WARN_64_TO_32_BIT_CONVERSION = YES;
				GCC_WARN_ABOUT_RETURN_TYPE = YES_ERROR;
				GCC_WARN_UNDECLARED_SELECTOR = YES;
				GCC_WARN_UNINITIALIZED_AUTOS = YES_AGGRESSIVE;
				GCC_WARN_UNUSED_FUNCTION = YES;
				GCC_WARN_UNUSED_VARIABLE = YES;
				IPHONEOS_DEPLOYMENT_TARGET = 16.1;
				MTL_ENABLE_DEBUG_INFO = INCLUDE_SOURCE;
				MTL_FAST_MATH = YES;
				ONLY_ACTIVE_ARCH = YES;
				SDKROOT = iphoneos;
				SWIFT_ACTIVE_COMPILATION_CONDITIONS = DEBUG;
				SWIFT_OPTIMIZATION_LEVEL = "-Onone";
			};
			name = Debug;
		};
		AD7E7B0629D9E31A009E12C0 /* Release */ = {
			isa = XCBuildConfiguration;
			buildSettings = {
				ALWAYS_SEARCH_USER_PATHS = NO;
				CLANG_ANALYZER_NONNULL = YES;
				CLANG_ANALYZER_NUMBER_OBJECT_CONVERSION = YES_AGGRESSIVE;
				CLANG_CXX_LANGUAGE_STANDARD = "gnu++20";
				CLANG_ENABLE_MODULES = YES;
				CLANG_ENABLE_OBJC_ARC = YES;
				CLANG_ENABLE_OBJC_WEAK = YES;
				CLANG_WARN_BLOCK_CAPTURE_AUTORELEASING = YES;
				CLANG_WARN_BOOL_CONVERSION = YES;
				CLANG_WARN_COMMA = YES;
				CLANG_WARN_CONSTANT_CONVERSION = YES;
				CLANG_WARN_DEPRECATED_OBJC_IMPLEMENTATIONS = YES;
				CLANG_WARN_DIRECT_OBJC_ISA_USAGE = YES_ERROR;
				CLANG_WARN_DOCUMENTATION_COMMENTS = YES;
				CLANG_WARN_EMPTY_BODY = YES;
				CLANG_WARN_ENUM_CONVERSION = YES;
				CLANG_WARN_INFINITE_RECURSION = YES;
				CLANG_WARN_INT_CONVERSION = YES;
				CLANG_WARN_NON_LITERAL_NULL_CONVERSION = YES;
				CLANG_WARN_OBJC_IMPLICIT_RETAIN_SELF = YES;
				CLANG_WARN_OBJC_LITERAL_CONVERSION = YES;
				CLANG_WARN_OBJC_ROOT_CLASS = YES_ERROR;
				CLANG_WARN_QUOTED_INCLUDE_IN_FRAMEWORK_HEADER = YES;
				CLANG_WARN_RANGE_LOOP_ANALYSIS = YES;
				CLANG_WARN_STRICT_PROTOTYPES = YES;
				CLANG_WARN_SUSPICIOUS_MOVE = YES;
				CLANG_WARN_UNGUARDED_AVAILABILITY = YES_AGGRESSIVE;
				CLANG_WARN_UNREACHABLE_CODE = YES;
				CLANG_WARN__DUPLICATE_METHOD_MATCH = YES;
				COPY_PHASE_STRIP = NO;
				DEBUG_INFORMATION_FORMAT = "dwarf-with-dsym";
				ENABLE_NS_ASSERTIONS = NO;
				ENABLE_STRICT_OBJC_MSGSEND = YES;
				GCC_C_LANGUAGE_STANDARD = gnu11;
				GCC_NO_COMMON_BLOCKS = YES;
				GCC_WARN_64_TO_32_BIT_CONVERSION = YES;
				GCC_WARN_ABOUT_RETURN_TYPE = YES_ERROR;
				GCC_WARN_UNDECLARED_SELECTOR = YES;
				GCC_WARN_UNINITIALIZED_AUTOS = YES_AGGRESSIVE;
				GCC_WARN_UNUSED_FUNCTION = YES;
				GCC_WARN_UNUSED_VARIABLE = YES;
				IPHONEOS_DEPLOYMENT_TARGET = 16.1;
				MTL_ENABLE_DEBUG_INFO = NO;
				MTL_FAST_MATH = YES;
				SDKROOT = iphoneos;
				SWIFT_COMPILATION_MODE = wholemodule;
				SWIFT_OPTIMIZATION_LEVEL = "-O";
				VALIDATE_PRODUCT = YES;
			};
			name = Release;
		};
		AD7E7B0829D9E31A009E12C0 /* Debug */ = {
			isa = XCBuildConfiguration;
			buildSettings = {
				ASSETCATALOG_COMPILER_APPICON_NAME = AppIcon;
				ASSETCATALOG_COMPILER_GLOBAL_ACCENT_COLOR_NAME = AccentColor;
				CODE_SIGN_STYLE = Automatic;
				CURRENT_PROJECT_VERSION = 1;
				DEVELOPMENT_ASSET_PATHS = "\"bookudo/Preview Content\"";
				DEVELOPMENT_TEAM = X4S852F582;
				ENABLE_PREVIEWS = YES;
				GENERATE_INFOPLIST_FILE = YES;
				INFOPLIST_KEY_LSApplicationCategoryType = "public.app-category.productivity";
				INFOPLIST_KEY_NSCameraUsageDescription = "Application uses camera to take and save photos of pages for later reference";
				INFOPLIST_KEY_UIApplicationSceneManifest_Generation = YES;
				INFOPLIST_KEY_UIApplicationSupportsIndirectInputEvents = YES;
				INFOPLIST_KEY_UILaunchScreen_Generation = YES;
				INFOPLIST_KEY_UIStatusBarHidden = YES;
				INFOPLIST_KEY_UISupportedInterfaceOrientations = UIInterfaceOrientationPortrait;
				INFOPLIST_KEY_UISupportedInterfaceOrientations_iPad = "UIInterfaceOrientationLandscapeLeft UIInterfaceOrientationLandscapeRight UIInterfaceOrientationPortrait UIInterfaceOrientationPortraitUpsideDown";
				LD_RUNPATH_SEARCH_PATHS = (
					"$(inherited)",
					"@executable_path/Frameworks",
				);
				MARKETING_VERSION = 1.0;
				PRODUCT_BUNDLE_IDENTIFIER = com.ktygbl.bookudo;
				PRODUCT_NAME = "$(TARGET_NAME)";
				SUPPORTED_PLATFORMS = "iphoneos iphonesimulator";
				SUPPORTS_MACCATALYST = NO;
				SUPPORTS_MAC_DESIGNED_FOR_IPHONE_IPAD = NO;
				SWIFT_EMIT_LOC_STRINGS = YES;
				SWIFT_VERSION = 5.0;
				TARGETED_DEVICE_FAMILY = 1;
			};
			name = Debug;
		};
		AD7E7B0929D9E31A009E12C0 /* Release */ = {
			isa = XCBuildConfiguration;
			buildSettings = {
				ASSETCATALOG_COMPILER_APPICON_NAME = AppIcon;
				ASSETCATALOG_COMPILER_GLOBAL_ACCENT_COLOR_NAME = AccentColor;
				CODE_SIGN_STYLE = Automatic;
				CURRENT_PROJECT_VERSION = 1;
				DEVELOPMENT_ASSET_PATHS = "\"bookudo/Preview Content\"";
				DEVELOPMENT_TEAM = X4S852F582;
				ENABLE_PREVIEWS = YES;
				GENERATE_INFOPLIST_FILE = YES;
				INFOPLIST_KEY_LSApplicationCategoryType = "public.app-category.productivity";
				INFOPLIST_KEY_NSCameraUsageDescription = "Application uses camera to take and save photos of pages for later reference";
				INFOPLIST_KEY_UIApplicationSceneManifest_Generation = YES;
				INFOPLIST_KEY_UIApplicationSupportsIndirectInputEvents = YES;
				INFOPLIST_KEY_UILaunchScreen_Generation = YES;
				INFOPLIST_KEY_UIStatusBarHidden = YES;
				INFOPLIST_KEY_UISupportedInterfaceOrientations = UIInterfaceOrientationPortrait;
				INFOPLIST_KEY_UISupportedInterfaceOrientations_iPad = "UIInterfaceOrientationLandscapeLeft UIInterfaceOrientationLandscapeRight UIInterfaceOrientationPortrait UIInterfaceOrientationPortraitUpsideDown";
				LD_RUNPATH_SEARCH_PATHS = (
					"$(inherited)",
					"@executable_path/Frameworks",
				);
				MARKETING_VERSION = 1.0;
				PRODUCT_BUNDLE_IDENTIFIER = com.ktygbl.bookudo;
				PRODUCT_NAME = "$(TARGET_NAME)";
				SUPPORTED_PLATFORMS = "iphoneos iphonesimulator";
				SUPPORTS_MACCATALYST = NO;
				SUPPORTS_MAC_DESIGNED_FOR_IPHONE_IPAD = NO;
				SWIFT_EMIT_LOC_STRINGS = YES;
				SWIFT_VERSION = 5.0;
				TARGETED_DEVICE_FAMILY = 1;
			};
			name = Release;
		};
/* End XCBuildConfiguration section */

/* Begin XCConfigurationList section */
		AD7E7AEF29D9E317009E12C0 /* Build configuration list for PBXProject "bookudo" */ = {
			isa = XCConfigurationList;
			buildConfigurations = (
				AD7E7B0529D9E31A009E12C0 /* Debug */,
				AD7E7B0629D9E31A009E12C0 /* Release */,
			);
			defaultConfigurationIsVisible = 0;
			defaultConfigurationName = Release;
		};
		AD7E7B0729D9E31A009E12C0 /* Build configuration list for PBXNativeTarget "bookudo" */ = {
			isa = XCConfigurationList;
			buildConfigurations = (
				AD7E7B0829D9E31A009E12C0 /* Debug */,
				AD7E7B0929D9E31A009E12C0 /* Release */,
			);
			defaultConfigurationIsVisible = 0;
			defaultConfigurationName = Release;
		};
/* End XCConfigurationList section */

/* Begin XCVersionGroup section */
		AD7E7B0229D9E319009E12C0 /* bookudo.xcdatamodeld */ = {
			isa = XCVersionGroup;
			children = (
				AD7E7B0329D9E319009E12C0 /* bookudo.xcdatamodel */,
			);
			currentVersion = AD7E7B0329D9E319009E12C0 /* bookudo.xcdatamodel */;
			path = bookudo.xcdatamodeld;
			sourceTree = "<group>";
			versionGroupType = wrapper.xcdatamodel;
		};
/* End XCVersionGroup section */
	};
	rootObject = AD7E7AEC29D9E317009E12C0 /* Project object */;
}
